<?xml version="1.0" encoding="utf-8"?>
<Project ToolsVersion="4.0" xmlns="http://schemas.microsoft.com/developer/msbuild/2003">
  <ItemGroup>
    <Filter Include="Source Files">
      <UniqueIdentifier>{4FC737F1-C7A5-4376-A066-2A32D752A2FF}</UniqueIdentifier>
      <Extensions>cpp;c;cc;cxx;def;odl;idl;hpj;bat;asm;asmx</Extensions>
    </Filter>
    <Filter Include="Header Files">
      <UniqueIdentifier>{93995380-89BD-4b04-88EB-625FBE52EBFB}</UniqueIdentifier>
      <Extensions>h;hh;hpp;hxx;hm;inl;inc;ipp;xsd</Extensions>
    </Filter>
    <Filter Include="Resource Files">
      <UniqueIdentifier>{67DA6AB6-F800-4c08-8B7A-83BB121AAD01}</UniqueIdentifier>
      <Extensions>rc;ico;cur;bmp;dlg;rc2;rct;bin;rgs;gif;jpg;jpeg;jpe;resx;tiff;tif;png;wav;mfcribbon-ms</Extensions>
    </Filter>
  </ItemGroup>
  <ItemGroup>
    <ClInclude Include="stdafx.h">
      <Filter>Header Files</Filter>
    </ClInclude>
    <ClInclude Include="targetver.h">
      <Filter>Header Files</Filter>
    </ClInclude>
    <ClInclude Include="Resource.h">
      <Filter>Header Files</Filter>
    </ClInclude>
    <ClInclude Include="Header.h">
      <Filter>Header Files</Filter>
    </ClInclude>
    <ClInclude Include="RichPaint.h">
      <Filter>Header Files</Filter>
    </ClInclude>
  </ItemGroup>
  <ItemGroup>
    <ClCompile Include="stdafx.cpp">
      <Filter>Source Files</Filter>
    </ClCompile>
    <ClCompile Include="main.cpp">
      <Filter>Source Files</Filter>
    </ClCompile>
    <ClCompile Include="RichPaint.cpp">
      <Filter>Source Files</Filter>
    </ClCompile>
  </ItemGroup>
  <ItemGroup>
    <ResourceCompile Include="RichPaint.rc">
      <Filter>Resource Files</Filter>
    </ResourceCompile>
  </ItemGroup>
  <ItemGroup>
    <Image Include="Icon\RichPaint.ico">
      <Filter>Resource Files</Filter>
    </Image>
    <Image Include="image\BITMAP40334_1.bmp">
      <Filter>Resource Files</Filter>
    </Image>
    <Image Include="image\BITMAP40354_1.bmp">
      <Filter>Resource Files</Filter>
    </Image>
    <Image Include="image\BITMAP40384_1.bmp">
      <Filter>Resource Files</Filter>
    </Image>
    <Image Include="image\BITMAP60288_1.bmp">
      <Filter>Resource Files</Filter>
    </Image>
    <Image Include="image\BITMAP60300_1.bmp">
      <Filter>Resource Files</Filter>
    </Image>
    <Image Include="image\BITMAP60344_1.bmp">
      <Filter>Resource Files</Filter>
    </Image>
    <Image Include="image\BITMAP60424_1.bmp">
      <Filter>Resource Files</Filter>
    </Image>
    <Image Include="image\BITMAP60432_1.bmp">
      <Filter>Resource Files</Filter>
    </Image>
    <Image Include="image\BITMAP60436_1.bmp">
      <Filter>Resource Files</Filter>
    </Image>
    <Image Include="image\BITMAP60484_1.bmp">
      <Filter>Resource Files</Filter>
    </Image>
    <Image Include="image\BITMAP60492_1.bmp">
      <Filter>Resource Files</Filter>
    </Image>
    <Image Include="image\BITMAP60324_1.bmp">
      <Filter>Resource Files</Filter>
    </Image>
    <Image Include="image\BITMAP60348_1.bmp">
      <Filter>Resource Files</Filter>
    </Image>
    <Image Include="image\BITMAP40704_1.bmp">
      <Filter>Resource Files</Filter>
    </Image>
    <Image Include="image\BITMAP40714_1.bmp">
      <Filter>Resource Files</Filter>
    </Image>
    <Image Include="image\BITMAP40734_1.bmp">
      <Filter>Resource Files</Filter>
    </Image>
    <Image Include="image\BITMAP40744_1.bmp">
      <Filter>Resource Files</Filter>
    </Image>
    <Image Include="image\BITMAP40754_1.bmp">
      <Filter>Resource Files</Filter>
    </Image>
    <Image Include="image\BITMAP864_1.bmp">
      <Filter>Resource Files</Filter>
    </Image>
    <Image Include="image\BITMAP60276_1.bmp">
      <Filter>Resource Files</Filter>
    </Image>
    <Image Include="image\BITMAP38004_1.bmp">
      <Filter>Resource Files</Filter>
    </Image>
    <Image Include="image\BITMAP38008_1.bmp">
      <Filter>Resource Files</Filter>
    </Image>
  </ItemGroup>
  <ItemGroup>
    <None Include="..\README.md" />
    <None Include="res\upload.avi" />
    <None Include="Cursor\Cursor154.cur">
      <Filter>Resource Files</Filter>
    </None>
    <None Include="Cursor\Cursor156.cur">
      <Filter>Resource Files</Filter>
    </None>
    <None Include="Cursor\Cursor157.cur">
      <Filter>Resource Files</Filter>
    </None>
    <None Include="Cursor\Cursor158.cur">
      <Filter>Resource Files</Filter>
    </None>
    <None Include="Cursor\Cursor159.cur">
      <Filter>Resource Files</Filter>
    </None>
    <None Include="Cursor\Cursor164.cur">
      <Filter>Resource Files</Filter>
    </None>
    <None Include="Cursor\Cursor169.cur">
      <Filter>Resource Files</Filter>
    </None>
    <None Include="Cursor\Cursor170.cur">
      <Filter>Resource Files</Filter>
    </None>
    <None Include="cursor\cursor1.cur">
      <Filter>Resource Files</Filter>
    </None>
    <None Include="cursor\cursor2.cur">
      <Filter>Resource Files</Filter>
    </None>
    <None Include="cursor\Cursor155.cur">
      <Filter>Resource Files</Filter>
    </None>
  </ItemGroup>
</Project>